
Microsoft Visual Studio Solution File, Format Version 12.00
# Visual Studio Version 17
VisualStudioVersion = 17.2.32519.379
MinimumVisualStudioVersion = 10.0.40219.1
Project("{9A19103F-16F7-4668-BE54-9A1E7A4F7556}") = "MyBoards_Entity", "MyBoards_Entity\MyBoards_Entity.csproj", "{DFD9F08C-F46F-48BE-81F7-91FC5CA77794}"
EndProject
Project("{9A19103F-16F7-4668-BE54-9A1E7A4F7556}") = "MyBoards.Benchmark", "MyBoards.Benchmark\MyBoards.Benchmark.csproj", "{CEA3C637-458E-427E-8AFC-2B728D1A8B48}"
EndProject
Global
	GlobalSection(SolutionConfigurationPlatforms) = preSolution
		Debug|Any CPU = Debug|Any CPU
		Release|Any CPU = Release|Any CPU
	EndGlobalSection
	GlobalSection(ProjectConfigurationPlatforms) = postSolution
		{DFD9F08C-F46F-48BE-81F7-91FC5CA77794}.Debug|Any CPU.ActiveCfg = Debug|Any CPU
		{DFD9F08C-F46F-48BE-81F7-91FC5CA77794}.Debug|Any CPU.Build.0 = Debug|Any CPU
		{DFD9F08C-F46F-48BE-81F7-91FC5CA77794}.Release|Any CPU.ActiveCfg = Release|Any CPU
		{DFD9F08C-F46F-48BE-81F7-91FC5CA77794}.Release|Any CPU.Build.0 = Release|Any CPU
		{CEA3C637-458E-427E-8AFC-2B728D1A8B48}.Debug|Any CPU.ActiveCfg = Debug|Any CPU
		{CEA3C637-458E-427E-8AFC-2B728D1A8B48}.Debug|Any CPU.Build.0 = Debug|Any CPU
		{CEA3C637-458E-427E-8AFC-2B728D1A8B48}.Release|Any CPU.ActiveCfg = Release|Any CPU
		{CEA3C637-458E-427E-8AFC-2B728D1A8B48}.Release|Any CPU.Build.0 = Release|Any CPU
	EndGlobalSection
	GlobalSection(SolutionProperties) = preSolution
		HideSolutionNode = FALSE
	EndGlobalSection
	GlobalSection(ExtensibilityGlobals) = postSolution
		SolutionGuid = {A3CD1BA8-CFA7-4A94-BA71-08AA8336634D}
	EndGlobalSection
EndGlobal
